
Microsoft Visual Studio Solution File, Format Version 12.00
Project("{FAE04EC0-301F-11D3-BF4B-00C04F79EFBC}") = "PenedaVes", "PenedaVes\PenedaVes.csproj", "{26A14D92-041F-4C9A-9D97-41AD3A37C0EC}"
EndProject
Global
	GlobalSection(SolutionConfigurationPlatforms) = preSolution
		Debug|Any CPU = Debug|Any CPU
		Release|Any CPU = Release|Any CPU
	EndGlobalSection
	GlobalSection(ProjectConfigurationPlatforms) = postSolution
		{26A14D92-041F-4C9A-9D97-41AD3A37C0EC}.Debug|Any CPU.ActiveCfg = Debug|Any CPU
		{26A14D92-041F-4C9A-9D97-41AD3A37C0EC}.Debug|Any CPU.Build.0 = Debug|Any CPU
		{26A14D92-041F-4C9A-9D97-41AD3A37C0EC}.Release|Any CPU.ActiveCfg = Release|Any CPU
		{26A14D92-041F-4C9A-9D97-41AD3A37C0EC}.Release|Any CPU.Build.0 = Release|Any CPU
	EndGlobalSection
EndGlobal
